
Microsoft Visual Studio Solution File, Format Version 12.00
# Visual Studio Version 17
VisualStudioVersion = 17.4.33213.308
MinimumVisualStudioVersion = 10.0.40219.1
Project("{9A19103F-16F7-4668-BE54-9A1E7A4F7556}") = "StringTask", "StrTask\StringTask.csproj", "{0CF1EADB-EC5D-423D-99F3-F6EB136DEA58}"
EndProject
Project("{FAE04EC0-301F-11D3-BF4B-00C04F79EFBC}") = "StringTaskTest", "StringTaskTest\StringTaskTest.csproj", "{228FC1F4-1E6B-409C-AC8B-56C6AB21B877}"
EndProject
Global
	GlobalSection(SolutionConfigurationPlatforms) = preSolution
		Debug|Any CPU = Debug|Any CPU
		Release|Any CPU = Release|Any CPU
	EndGlobalSection
	GlobalSection(ProjectConfigurationPlatforms) = postSolution
		{0CF1EADB-EC5D-423D-99F3-F6EB136DEA58}.Debug|Any CPU.ActiveCfg = Debug|Any CPU
		{0CF1EADB-EC5D-423D-99F3-F6EB136DEA58}.Debug|Any CPU.Build.0 = Debug|Any CPU
		{0CF1EADB-EC5D-423D-99F3-F6EB136DEA58}.Release|Any CPU.ActiveCfg = Release|Any CPU
		{0CF1EADB-EC5D-423D-99F3-F6EB136DEA58}.Release|Any CPU.Build.0 = Release|Any CPU
		{228FC1F4-1E6B-409C-AC8B-56C6AB21B877}.Debug|Any CPU.ActiveCfg = Debug|Any CPU
		{228FC1F4-1E6B-409C-AC8B-56C6AB21B877}.Debug|Any CPU.Build.0 = Debug|Any CPU
		{228FC1F4-1E6B-409C-AC8B-56C6AB21B877}.Release|Any CPU.ActiveCfg = Release|Any CPU
		{228FC1F4-1E6B-409C-AC8B-56C6AB21B877}.Release|Any CPU.Build.0 = Release|Any CPU
	EndGlobalSection
	GlobalSection(SolutionProperties) = preSolution
		HideSolutionNode = FALSE
	EndGlobalSection
	GlobalSection(ExtensibilityGlobals) = postSolution
		SolutionGuid = {3214006B-B94F-4D94-A28D-B86F8DF5802B}
	EndGlobalSection
EndGlobal
